// !$*UTF8*$!
{
	archiveVersion = 1;
	classes = {
	};
	objectVersion = 50;
	objects = {

/* Begin PBXBuildFile section */
		0E06A7A32176AFAF00562288 /* APIClientProtocol.swift in Sources */ = {isa = PBXBuildFile; fileRef = 0E06A7A22176AFAF00562288 /* APIClientProtocol.swift */; };
		0E06A7A52176AFB700562288 /* APIClient.swift in Sources */ = {isa = PBXBuildFile; fileRef = 0E06A7A42176AFB700562288 /* APIClient.swift */; };
		0E06A7B42176B29100562288 /* APIClientMock.swift in Sources */ = {isa = PBXBuildFile; fileRef = 0E06A7B32176B29100562288 /* APIClientMock.swift */; };
		0E06A7B92176B36A00562288 /* HelloViewControllerTests.swift in Sources */ = {isa = PBXBuildFile; fileRef = 0E06A7B52176B36A00562288 /* HelloViewControllerTests.swift */; };
		0E06A7BA2176B36A00562288 /* HelloInteractorTests.swift in Sources */ = {isa = PBXBuildFile; fileRef = 0E06A7B62176B36A00562288 /* HelloInteractorTests.swift */; };
		0E06A7BB2176B36A00562288 /* HelloWorkerTests.swift in Sources */ = {isa = PBXBuildFile; fileRef = 0E06A7B72176B36A00562288 /* HelloWorkerTests.swift */; };
		0E06A7BC2176B36A00562288 /* HelloPresenterTests.swift in Sources */ = {isa = PBXBuildFile; fileRef = 0E06A7B82176B36A00562288 /* HelloPresenterTests.swift */; };
		18A5B1CB81920024725F37CA /* Pods_MeetupMovileTests.framework in Frameworks */ = {isa = PBXBuildFile; fileRef = 7CB0FB36E9D8B6EF86182B86 /* Pods_MeetupMovileTests.framework */; };
		ACD6A3912D01090D0B72FFF2 /* Pods_MeetupMovile.framework in Frameworks */ = {isa = PBXBuildFile; fileRef = 4E39F56F9E20D57C6B0CC2A4 /* Pods_MeetupMovile.framework */; };
		E43700A32175588B00BEA5C1 /* AppDelegate.swift in Sources */ = {isa = PBXBuildFile; fileRef = E43700A22175588B00BEA5C1 /* AppDelegate.swift */; };
		E43700A52175588B00BEA5C1 /* ViewController.swift in Sources */ = {isa = PBXBuildFile; fileRef = E43700A42175588B00BEA5C1 /* ViewController.swift */; };
		E43700A82175588B00BEA5C1 /* Main.storyboard in Resources */ = {isa = PBXBuildFile; fileRef = E43700A62175588B00BEA5C1 /* Main.storyboard */; };
		E43700AA2175588C00BEA5C1 /* Assets.xcassets in Resources */ = {isa = PBXBuildFile; fileRef = E43700A92175588C00BEA5C1 /* Assets.xcassets */; };
		E43700AD2175588C00BEA5C1 /* LaunchScreen.storyboard in Resources */ = {isa = PBXBuildFile; fileRef = E43700AB2175588C00BEA5C1 /* LaunchScreen.storyboard */; };
		E43700B82175588C00BEA5C1 /* MeetupMovileTests.swift in Sources */ = {isa = PBXBuildFile; fileRef = E43700B72175588C00BEA5C1 /* MeetupMovileTests.swift */; };
		E43700D62175774500BEA5C1 /* HelloPresenter.swift in Sources */ = {isa = PBXBuildFile; fileRef = E43700D02175774500BEA5C1 /* HelloPresenter.swift */; };
		E43700D72175774500BEA5C1 /* HelloWorker.swift in Sources */ = {isa = PBXBuildFile; fileRef = E43700D12175774500BEA5C1 /* HelloWorker.swift */; };
		E43700D82175774500BEA5C1 /* HelloRouter.swift in Sources */ = {isa = PBXBuildFile; fileRef = E43700D22175774500BEA5C1 /* HelloRouter.swift */; };
		E43700D92175774500BEA5C1 /* HelloModels.swift in Sources */ = {isa = PBXBuildFile; fileRef = E43700D32175774500BEA5C1 /* HelloModels.swift */; };
		E43700DA2175774500BEA5C1 /* HelloViewController.swift in Sources */ = {isa = PBXBuildFile; fileRef = E43700D42175774500BEA5C1 /* HelloViewController.swift */; };
		E43700DB2175774500BEA5C1 /* HelloInteractor.swift in Sources */ = {isa = PBXBuildFile; fileRef = E43700D52175774500BEA5C1 /* HelloInteractor.swift */; };
/* End PBXBuildFile section */

/* Begin PBXContainerItemProxy section */
		E43700B42175588C00BEA5C1 /* PBXContainerItemProxy */ = {
			isa = PBXContainerItemProxy;
			containerPortal = E43700972175588B00BEA5C1 /* Project object */;
			proxyType = 1;
			remoteGlobalIDString = E437009E2175588B00BEA5C1;
			remoteInfo = MeetupMovile;
		};
/* End PBXContainerItemProxy section */

/* Begin PBXFileReference section */
		00428306ACBA7EE0C3DEEA14 /* Pods-MeetupMovile.debug.xcconfig */ = {isa = PBXFileReference; includeInIndex = 1; lastKnownFileType = text.xcconfig; name = "Pods-MeetupMovile.debug.xcconfig"; path = "Pods/Target Support Files/Pods-MeetupMovile/Pods-MeetupMovile.debug.xcconfig"; sourceTree = "<group>"; };
		0E06A7A22176AFAF00562288 /* APIClientProtocol.swift */ = {isa = PBXFileReference; lastKnownFileType = sourcecode.swift; path = APIClientProtocol.swift; sourceTree = "<group>"; };
		0E06A7A42176AFB700562288 /* APIClient.swift */ = {isa = PBXFileReference; lastKnownFileType = sourcecode.swift; path = APIClient.swift; sourceTree = "<group>"; };
		0E06A7B32176B29100562288 /* APIClientMock.swift */ = {isa = PBXFileReference; lastKnownFileType = sourcecode.swift; path = APIClientMock.swift; sourceTree = "<group>"; };
		0E06A7B52176B36A00562288 /* HelloViewControllerTests.swift */ = {isa = PBXFileReference; lastKnownFileType = sourcecode.swift; path = HelloViewControllerTests.swift; sourceTree = "<group>"; };
		0E06A7B62176B36A00562288 /* HelloInteractorTests.swift */ = {isa = PBXFileReference; lastKnownFileType = sourcecode.swift; path = HelloInteractorTests.swift; sourceTree = "<group>"; };
		0E06A7B72176B36A00562288 /* HelloWorkerTests.swift */ = {isa = PBXFileReference; lastKnownFileType = sourcecode.swift; path = HelloWorkerTests.swift; sourceTree = "<group>"; };
		0E06A7B82176B36A00562288 /* HelloPresenterTests.swift */ = {isa = PBXFileReference; lastKnownFileType = sourcecode.swift; path = HelloPresenterTests.swift; sourceTree = "<group>"; };
		4E39F56F9E20D57C6B0CC2A4 /* Pods_MeetupMovile.framework */ = {isa = PBXFileReference; explicitFileType = wrapper.framework; includeInIndex = 0; path = Pods_MeetupMovile.framework; sourceTree = BUILT_PRODUCTS_DIR; };
		7CB0FB36E9D8B6EF86182B86 /* Pods_MeetupMovileTests.framework */ = {isa = PBXFileReference; explicitFileType = wrapper.framework; includeInIndex = 0; path = Pods_MeetupMovileTests.framework; sourceTree = BUILT_PRODUCTS_DIR; };
		87B3D1CC6D775EB96D752CF8 /* Pods-MeetupMovileTests.release.xcconfig */ = {isa = PBXFileReference; includeInIndex = 1; lastKnownFileType = text.xcconfig; name = "Pods-MeetupMovileTests.release.xcconfig"; path = "Pods/Target Support Files/Pods-MeetupMovileTests/Pods-MeetupMovileTests.release.xcconfig"; sourceTree = "<group>"; };
		C1320A2667E2EEE00245A52D /* Pods-MeetupMovile.release.xcconfig */ = {isa = PBXFileReference; includeInIndex = 1; lastKnownFileType = text.xcconfig; name = "Pods-MeetupMovile.release.xcconfig"; path = "Pods/Target Support Files/Pods-MeetupMovile/Pods-MeetupMovile.release.xcconfig"; sourceTree = "<group>"; };
		C7566CAF49F5FA6AD1CAE0BE /* Pods-MeetupMovileTests.debug.xcconfig */ = {isa = PBXFileReference; includeInIndex = 1; lastKnownFileType = text.xcconfig; name = "Pods-MeetupMovileTests.debug.xcconfig"; path = "Pods/Target Support Files/Pods-MeetupMovileTests/Pods-MeetupMovileTests.debug.xcconfig"; sourceTree = "<group>"; };
		E437009F2175588B00BEA5C1 /* MeetupMovile.app */ = {isa = PBXFileReference; explicitFileType = wrapper.application; includeInIndex = 0; path = MeetupMovile.app; sourceTree = BUILT_PRODUCTS_DIR; };
		E43700A22175588B00BEA5C1 /* AppDelegate.swift */ = {isa = PBXFileReference; lastKnownFileType = sourcecode.swift; path = AppDelegate.swift; sourceTree = "<group>"; };
		E43700A42175588B00BEA5C1 /* ViewController.swift */ = {isa = PBXFileReference; lastKnownFileType = sourcecode.swift; path = ViewController.swift; sourceTree = "<group>"; };
		E43700A72175588B00BEA5C1 /* Base */ = {isa = PBXFileReference; lastKnownFileType = file.storyboard; name = Base; path = Base.lproj/Main.storyboard; sourceTree = "<group>"; };
		E43700A92175588C00BEA5C1 /* Assets.xcassets */ = {isa = PBXFileReference; lastKnownFileType = folder.assetcatalog; path = Assets.xcassets; sourceTree = "<group>"; };
		E43700AC2175588C00BEA5C1 /* Base */ = {isa = PBXFileReference; lastKnownFileType = file.storyboard; name = Base; path = Base.lproj/LaunchScreen.storyboard; sourceTree = "<group>"; };
		E43700AE2175588C00BEA5C1 /* Info.plist */ = {isa = PBXFileReference; lastKnownFileType = text.plist.xml; path = Info.plist; sourceTree = "<group>"; };
		E43700B32175588C00BEA5C1 /* MeetupMovileTests.xctest */ = {isa = PBXFileReference; explicitFileType = wrapper.cfbundle; includeInIndex = 0; path = MeetupMovileTests.xctest; sourceTree = BUILT_PRODUCTS_DIR; };
		E43700B72175588C00BEA5C1 /* MeetupMovileTests.swift */ = {isa = PBXFileReference; lastKnownFileType = sourcecode.swift; path = MeetupMovileTests.swift; sourceTree = "<group>"; };
		E43700B92175588C00BEA5C1 /* Info.plist */ = {isa = PBXFileReference; lastKnownFileType = text.plist.xml; path = Info.plist; sourceTree = "<group>"; };
		E43700D02175774500BEA5C1 /* HelloPresenter.swift */ = {isa = PBXFileReference; lastKnownFileType = sourcecode.swift; path = HelloPresenter.swift; sourceTree = "<group>"; };
		E43700D12175774500BEA5C1 /* HelloWorker.swift */ = {isa = PBXFileReference; lastKnownFileType = sourcecode.swift; path = HelloWorker.swift; sourceTree = "<group>"; };
		E43700D22175774500BEA5C1 /* HelloRouter.swift */ = {isa = PBXFileReference; lastKnownFileType = sourcecode.swift; path = HelloRouter.swift; sourceTree = "<group>"; };
		E43700D32175774500BEA5C1 /* HelloModels.swift */ = {isa = PBXFileReference; lastKnownFileType = sourcecode.swift; path = HelloModels.swift; sourceTree = "<group>"; };
		E43700D42175774500BEA5C1 /* HelloViewController.swift */ = {isa = PBXFileReference; lastKnownFileType = sourcecode.swift; path = HelloViewController.swift; sourceTree = "<group>"; };
		E43700D52175774500BEA5C1 /* HelloInteractor.swift */ = {isa = PBXFileReference; lastKnownFileType = sourcecode.swift; path = HelloInteractor.swift; sourceTree = "<group>"; };
/* End PBXFileReference section */

/* Begin PBXFrameworksBuildPhase section */
		E437009C2175588B00BEA5C1 /* Frameworks */ = {
			isa = PBXFrameworksBuildPhase;
			buildActionMask = 2147483647;
			files = (
				ACD6A3912D01090D0B72FFF2 /* Pods_MeetupMovile.framework in Frameworks */,
			);
			runOnlyForDeploymentPostprocessing = 0;
		};
		E43700B02175588C00BEA5C1 /* Frameworks */ = {
			isa = PBXFrameworksBuildPhase;
			buildActionMask = 2147483647;
			files = (
				18A5B1CB81920024725F37CA /* Pods_MeetupMovileTests.framework in Frameworks */,
			);
			runOnlyForDeploymentPostprocessing = 0;
		};
/* End PBXFrameworksBuildPhase section */

/* Begin PBXGroup section */
		0E06A7A12176AF8E00562288 /* Networking */ = {
			isa = PBXGroup;
			children = (
				0E06A7A22176AFAF00562288 /* APIClientProtocol.swift */,
				0E06A7A42176AFB700562288 /* APIClient.swift */,
			);
			path = Networking;
			sourceTree = "<group>";
		};
		0E06A7A62176B26700562288 /* Scenes */ = {
			isa = PBXGroup;
			children = (
				0E06A7A72176B26E00562288 /* Hello */,
			);
			path = Scenes;
			sourceTree = "<group>";
		};
		0E06A7A72176B26E00562288 /* Hello */ = {
			isa = PBXGroup;
			children = (
				0E06A7B52176B36A00562288 /* HelloViewControllerTests.swift */,
				0E06A7B62176B36A00562288 /* HelloInteractorTests.swift */,
				0E06A7B72176B36A00562288 /* HelloWorkerTests.swift */,
				0E06A7B82176B36A00562288 /* HelloPresenterTests.swift */,
			);
			path = Hello;
			sourceTree = "<group>";
		};
		0E06A7B22176B28300562288 /* Mocks */ = {
			isa = PBXGroup;
			children = (
				0E06A7B32176B29100562288 /* APIClientMock.swift */,
			);
			path = Mocks;
			sourceTree = "<group>";
		};
		7EC38B59064506FDC0CE7BC3 /* Pods */ = {
			isa = PBXGroup;
			children = (
				00428306ACBA7EE0C3DEEA14 /* Pods-MeetupMovile.debug.xcconfig */,
				C1320A2667E2EEE00245A52D /* Pods-MeetupMovile.release.xcconfig */,
				C7566CAF49F5FA6AD1CAE0BE /* Pods-MeetupMovileTests.debug.xcconfig */,
				87B3D1CC6D775EB96D752CF8 /* Pods-MeetupMovileTests.release.xcconfig */,
			);
			name = Pods;
			sourceTree = "<group>";
		};
		CB61A41ABFDA83C636F81839 /* Frameworks */ = {
			isa = PBXGroup;
			children = (
				4E39F56F9E20D57C6B0CC2A4 /* Pods_MeetupMovile.framework */,
				7CB0FB36E9D8B6EF86182B86 /* Pods_MeetupMovileTests.framework */,
			);
			name = Frameworks;
			sourceTree = "<group>";
		};
		E43700962175588B00BEA5C1 = {
			isa = PBXGroup;
			children = (
				E43700A12175588B00BEA5C1 /* MeetupMovile */,
				E43700B62175588C00BEA5C1 /* MeetupMovileTests */,
				E43700A02175588B00BEA5C1 /* Products */,
				7EC38B59064506FDC0CE7BC3 /* Pods */,
				CB61A41ABFDA83C636F81839 /* Frameworks */,
			);
			sourceTree = "<group>";
		};
		E43700A02175588B00BEA5C1 /* Products */ = {
			isa = PBXGroup;
			children = (
				E437009F2175588B00BEA5C1 /* MeetupMovile.app */,
				E43700B32175588C00BEA5C1 /* MeetupMovileTests.xctest */,
			);
			name = Products;
			sourceTree = "<group>";
		};
		E43700A12175588B00BEA5C1 /* MeetupMovile */ = {
			isa = PBXGroup;
			children = (
				0E06A7A12176AF8E00562288 /* Networking */,
				E43700C22175764300BEA5C1 /* Scenes */,
				E43700A22175588B00BEA5C1 /* AppDelegate.swift */,
				E43700A42175588B00BEA5C1 /* ViewController.swift */,
				E43700A62175588B00BEA5C1 /* Main.storyboard */,
				E43700A92175588C00BEA5C1 /* Assets.xcassets */,
				E43700AB2175588C00BEA5C1 /* LaunchScreen.storyboard */,
				E43700AE2175588C00BEA5C1 /* Info.plist */,
			);
			path = MeetupMovile;
			sourceTree = "<group>";
		};
		E43700B62175588C00BEA5C1 /* MeetupMovileTests */ = {
			isa = PBXGroup;
			children = (
				0E06A7B22176B28300562288 /* Mocks */,
				0E06A7A62176B26700562288 /* Scenes */,
				E43700B72175588C00BEA5C1 /* MeetupMovileTests.swift */,
				E43700B92175588C00BEA5C1 /* Info.plist */,
			);
			path = MeetupMovileTests;
			sourceTree = "<group>";
		};
		E43700C22175764300BEA5C1 /* Scenes */ = {
			isa = PBXGroup;
			children = (
				E43700C32175764900BEA5C1 /* Hello */,
			);
			path = Scenes;
			sourceTree = "<group>";
		};
		E43700C32175764900BEA5C1 /* Hello */ = {
			isa = PBXGroup;
			children = (
				E43700D02175774500BEA5C1 /* HelloPresenter.swift */,
				E43700D12175774500BEA5C1 /* HelloWorker.swift */,
				E43700D22175774500BEA5C1 /* HelloRouter.swift */,
				E43700D32175774500BEA5C1 /* HelloModels.swift */,
				E43700D42175774500BEA5C1 /* HelloViewController.swift */,
				E43700D52175774500BEA5C1 /* HelloInteractor.swift */,
			);
			path = Hello;
			sourceTree = "<group>";
		};
/* End PBXGroup section */

/* Begin PBXNativeTarget section */
		E437009E2175588B00BEA5C1 /* MeetupMovile */ = {
			isa = PBXNativeTarget;
			buildConfigurationList = E43700BC2175588C00BEA5C1 /* Build configuration list for PBXNativeTarget "MeetupMovile" */;
			buildPhases = (
				0A8F21406D66651D0A106342 /* [CP] Check Pods Manifest.lock */,
				E437009B2175588B00BEA5C1 /* Sources */,
				E437009C2175588B00BEA5C1 /* Frameworks */,
				E437009D2175588B00BEA5C1 /* Resources */,
				0E53875DA84F4202BAF46526 /* [CP] Embed Pods Frameworks */,
			);
			buildRules = (
			);
			dependencies = (
			);
			name = MeetupMovile;
			productName = MeetupMovile;
			productReference = E437009F2175588B00BEA5C1 /* MeetupMovile.app */;
			productType = "com.apple.product-type.application";
		};
		E43700B22175588C00BEA5C1 /* MeetupMovileTests */ = {
			isa = PBXNativeTarget;
			buildConfigurationList = E43700BF2175588C00BEA5C1 /* Build configuration list for PBXNativeTarget "MeetupMovileTests" */;
			buildPhases = (
				EF60A1BEF47A567AC89E26BA /* [CP] Check Pods Manifest.lock */,
				E43700AF2175588C00BEA5C1 /* Sources */,
				E43700B02175588C00BEA5C1 /* Frameworks */,
				E43700B12175588C00BEA5C1 /* Resources */,
			);
			buildRules = (
			);
			dependencies = (
				E43700B52175588C00BEA5C1 /* PBXTargetDependency */,
			);
			name = MeetupMovileTests;
			productName = MeetupMovileTests;
			productReference = E43700B32175588C00BEA5C1 /* MeetupMovileTests.xctest */;
			productType = "com.apple.product-type.bundle.unit-test";
		};
/* End PBXNativeTarget section */

/* Begin PBXProject section */
		E43700972175588B00BEA5C1 /* Project object */ = {
			isa = PBXProject;
			attributes = {
				LastSwiftUpdateCheck = 1000;
				LastUpgradeCheck = 1000;
				ORGANIZATIONNAME = "Yasmin Benatti";
				TargetAttributes = {
					E437009E2175588B00BEA5C1 = {
						CreatedOnToolsVersion = 10.0;
					};
					E43700B22175588C00BEA5C1 = {
						CreatedOnToolsVersion = 10.0;
						TestTargetID = E437009E2175588B00BEA5C1;
					};
				};
			};
			buildConfigurationList = E437009A2175588B00BEA5C1 /* Build configuration list for PBXProject "MeetupMovile" */;
			compatibilityVersion = "Xcode 9.3";
			developmentRegion = en;
			hasScannedForEncodings = 0;
			knownRegions = (
				en,
				Base,
			);
			mainGroup = E43700962175588B00BEA5C1;
			productRefGroup = E43700A02175588B00BEA5C1 /* Products */;
			projectDirPath = "";
			projectRoot = "";
			targets = (
				E437009E2175588B00BEA5C1 /* MeetupMovile */,
				E43700B22175588C00BEA5C1 /* MeetupMovileTests */,
			);
		};
/* End PBXProject section */

/* Begin PBXResourcesBuildPhase section */
		E437009D2175588B00BEA5C1 /* Resources */ = {
			isa = PBXResourcesBuildPhase;
			buildActionMask = 2147483647;
			files = (
				E43700AD2175588C00BEA5C1 /* LaunchScreen.storyboard in Resources */,
				E43700AA2175588C00BEA5C1 /* Assets.xcassets in Resources */,
				E43700A82175588B00BEA5C1 /* Main.storyboard in Resources */,
			);
			runOnlyForDeploymentPostprocessing = 0;
		};
		E43700B12175588C00BEA5C1 /* Resources */ = {
			isa = PBXResourcesBuildPhase;
			buildActionMask = 2147483647;
			files = (
			);
			runOnlyForDeploymentPostprocessing = 0;
		};
/* End PBXResourcesBuildPhase section */

/* Begin PBXShellScriptBuildPhase section */
		0A8F21406D66651D0A106342 /* [CP] Check Pods Manifest.lock */ = {
			isa = PBXShellScriptBuildPhase;
			buildActionMask = 2147483647;
			files = (
			);
			inputFileListPaths = (
			);
			inputPaths = (
				"${PODS_PODFILE_DIR_PATH}/Podfile.lock",
				"${PODS_ROOT}/Manifest.lock",
			);
			name = "[CP] Check Pods Manifest.lock";
			outputFileListPaths = (
			);
			outputPaths = (
				"$(DERIVED_FILE_DIR)/Pods-MeetupMovile-checkManifestLockResult.txt",
			);
			runOnlyForDeploymentPostprocessing = 0;
			shellPath = /bin/sh;
			shellScript = "diff \"${PODS_PODFILE_DIR_PATH}/Podfile.lock\" \"${PODS_ROOT}/Manifest.lock\" > /dev/null\nif [ $? != 0 ] ; then\n    # print error to STDERR\n    echo \"error: The sandbox is not in sync with the Podfile.lock. Run 'pod install' or update your CocoaPods installation.\" >&2\n    exit 1\nfi\n# This output is used by Xcode 'outputs' to avoid re-running this script phase.\necho \"SUCCESS\" > \"${SCRIPT_OUTPUT_FILE_0}\"\n";
			showEnvVarsInLog = 0;
		};
		0E53875DA84F4202BAF46526 /* [CP] Embed Pods Frameworks */ = {
			isa = PBXShellScriptBuildPhase;
			buildActionMask = 2147483647;
			files = (
			);
			inputFileListPaths = (
			);
			inputPaths = (
				"${SRCROOT}/Pods/Target Support Files/Pods-MeetupMovile/Pods-MeetupMovile-frameworks.sh",
				"${BUILT_PRODUCTS_DIR}/Cartography/Cartography.framework",
			);
			name = "[CP] Embed Pods Frameworks";
			outputFileListPaths = (
			);
			outputPaths = (
				"${TARGET_BUILD_DIR}/${FRAMEWORKS_FOLDER_PATH}/Cartography.framework",
			);
			runOnlyForDeploymentPostprocessing = 0;
			shellPath = /bin/sh;
			shellScript = "\"${SRCROOT}/Pods/Target Support Files/Pods-MeetupMovile/Pods-MeetupMovile-frameworks.sh\"\n";
			showEnvVarsInLog = 0;
		};
		EF60A1BEF47A567AC89E26BA /* [CP] Check Pods Manifest.lock */ = {
			isa = PBXShellScriptBuildPhase;
			buildActionMask = 2147483647;
			files = (
			);
			inputFileListPaths = (
			);
			inputPaths = (
				"${PODS_PODFILE_DIR_PATH}/Podfile.lock",
				"${PODS_ROOT}/Manifest.lock",
			);
			name = "[CP] Check Pods Manifest.lock";
			outputFileListPaths = (
			);
			outputPaths = (
				"$(DERIVED_FILE_DIR)/Pods-MeetupMovileTests-checkManifestLockResult.txt",
			);
			runOnlyForDeploymentPostprocessing = 0;
			shellPath = /bin/sh;
			shellScript = "diff \"${PODS_PODFILE_DIR_PATH}/Podfile.lock\" \"${PODS_ROOT}/Manifest.lock\" > /dev/null\nif [ $? != 0 ] ; then\n    # print error to STDERR\n    echo \"error: The sandbox is not in sync with the Podfile.lock. Run 'pod install' or update your CocoaPods installation.\" >&2\n    exit 1\nfi\n# This output is used by Xcode 'outputs' to avoid re-running this script phase.\necho \"SUCCESS\" > \"${SCRIPT_OUTPUT_FILE_0}\"\n";
			showEnvVarsInLog = 0;
		};
/* End PBXShellScriptBuildPhase section */

/* Begin PBXSourcesBuildPhase section */
		E437009B2175588B00BEA5C1 /* Sources */ = {
			isa = PBXSourcesBuildPhase;
			buildActionMask = 2147483647;
			files = (
				E43700D62175774500BEA5C1 /* HelloPresenter.swift in Sources */,
				E43700D82175774500BEA5C1 /* HelloRouter.swift in Sources */,
				0E06A7A32176AFAF00562288 /* APIClientProtocol.swift in Sources */,
				0E06A7A52176AFB700562288 /* APIClient.swift in Sources */,
				E43700DA2175774500BEA5C1 /* HelloViewController.swift in Sources */,
				E43700A52175588B00BEA5C1 /* ViewController.swift in Sources */,
				E43700D72175774500BEA5C1 /* HelloWorker.swift in Sources */,
				E43700D92175774500BEA5C1 /* HelloModels.swift in Sources */,
				E43700A32175588B00BEA5C1 /* AppDelegate.swift in Sources */,
				E43700DB2175774500BEA5C1 /* HelloInteractor.swift in Sources */,
			);
			runOnlyForDeploymentPostprocessing = 0;
		};
		E43700AF2175588C00BEA5C1 /* Sources */ = {
			isa = PBXSourcesBuildPhase;
			buildActionMask = 2147483647;
			files = (
				0E06A7B92176B36A00562288 /* HelloViewControllerTests.swift in Sources */,
				0E06A7BC2176B36A00562288 /* HelloPresenterTests.swift in Sources */,
				E43700B82175588C00BEA5C1 /* MeetupMovileTests.swift in Sources */,
				0E06A7B42176B29100562288 /* APIClientMock.swift in Sources */,
				0E06A7BA2176B36A00562288 /* HelloInteractorTests.swift in Sources */,
				0E06A7BB2176B36A00562288 /* HelloWorkerTests.swift in Sources */,
			);
			runOnlyForDeploymentPostprocessing = 0;
		};
/* End PBXSourcesBuildPhase section */

/* Begin PBXTargetDependency section */
		E43700B52175588C00BEA5C1 /* PBXTargetDependency */ = {
			isa = PBXTargetDependency;
			target = E437009E2175588B00BEA5C1 /* MeetupMovile */;
			targetProxy = E43700B42175588C00BEA5C1 /* PBXContainerItemProxy */;
		};
/* End PBXTargetDependency section */

/* Begin PBXVariantGroup section */
		E43700A62175588B00BEA5C1 /* Main.storyboard */ = {
			isa = PBXVariantGroup;
			children = (
				E43700A72175588B00BEA5C1 /* Base */,
			);
			name = Main.storyboard;
			sourceTree = "<group>";
		};
		E43700AB2175588C00BEA5C1 /* LaunchScreen.storyboard */ = {
			isa = PBXVariantGroup;
			children = (
				E43700AC2175588C00BEA5C1 /* Base */,
			);
			name = LaunchScreen.storyboard;
			sourceTree = "<group>";
		};
/* End PBXVariantGroup section */

/* Begin XCBuildConfiguration section */
		E43700BA2175588C00BEA5C1 /* Debug */ = {
			isa = XCBuildConfiguration;
			buildSettings = {
				ALWAYS_SEARCH_USER_PATHS = NO;
				CLANG_ANALYZER_NONNULL = YES;
				CLANG_ANALYZER_NUMBER_OBJECT_CONVERSION = YES_AGGRESSIVE;
				CLANG_CXX_LANGUAGE_STANDARD = "gnu++14";
				CLANG_CXX_LIBRARY = "libc++";
				CLANG_ENABLE_MODULES = YES;
				CLANG_ENABLE_OBJC_ARC = YES;
				CLANG_ENABLE_OBJC_WEAK = YES;
				CLANG_WARN_BLOCK_CAPTURE_AUTORELEASING = YES;
				CLANG_WARN_BOOL_CONVERSION = YES;
				CLANG_WARN_COMMA = YES;
				CLANG_WARN_CONSTANT_CONVERSION = YES;
				CLANG_WARN_DEPRECATED_OBJC_IMPLEMENTATIONS = YES;
				CLANG_WARN_DIRECT_OBJC_ISA_USAGE = YES_ERROR;
				CLANG_WARN_DOCUMENTATION_COMMENTS = YES;
				CLANG_WARN_EMPTY_BODY = YES;
				CLANG_WARN_ENUM_CONVERSION = YES;
				CLANG_WARN_INFINITE_RECURSION = YES;
				CLANG_WARN_INT_CONVERSION = YES;
				CLANG_WARN_NON_LITERAL_NULL_CONVERSION = YES;
				CLANG_WARN_OBJC_IMPLICIT_RETAIN_SELF = YES;
				CLANG_WARN_OBJC_LITERAL_CONVERSION = YES;
				CLANG_WARN_OBJC_ROOT_CLASS = YES_ERROR;
				CLANG_WARN_RANGE_LOOP_ANALYSIS = YES;
				CLANG_WARN_STRICT_PROTOTYPES = YES;
				CLANG_WARN_SUSPICIOUS_MOVE = YES;
				CLANG_WARN_UNGUARDED_AVAILABILITY = YES_AGGRESSIVE;
				CLANG_WARN_UNREACHABLE_CODE = YES;
				CLANG_WARN__DUPLICATE_METHOD_MATCH = YES;
				CODE_SIGN_IDENTITY = "iPhone Developer";
				COPY_PHASE_STRIP = NO;
				DEBUG_INFORMATION_FORMAT = dwarf;
				ENABLE_STRICT_OBJC_MSGSEND = YES;
				ENABLE_TESTABILITY = YES;
				GCC_C_LANGUAGE_STANDARD = gnu11;
				GCC_DYNAMIC_NO_PIC = NO;
				GCC_NO_COMMON_BLOCKS = YES;
				GCC_OPTIMIZATION_LEVEL = 0;
				GCC_PREPROCESSOR_DEFINITIONS = (
					"DEBUG=1",
					"$(inherited)",
				);
				GCC_WARN_64_TO_32_BIT_CONVERSION = YES;
				GCC_WARN_ABOUT_RETURN_TYPE = YES_ERROR;
				GCC_WARN_UNDECLARED_SELECTOR = YES;
				GCC_WARN_UNINITIALIZED_AUTOS = YES_AGGRESSIVE;
				GCC_WARN_UNUSED_FUNCTION = YES;
				GCC_WARN_UNUSED_VARIABLE = YES;
				IPHONEOS_DEPLOYMENT_TARGET = 12.0;
				MTL_ENABLE_DEBUG_INFO = INCLUDE_SOURCE;
				MTL_FAST_MATH = YES;
				ONLY_ACTIVE_ARCH = YES;
				SDKROOT = iphoneos;
				SWIFT_ACTIVE_COMPILATION_CONDITIONS = DEBUG;
				SWIFT_OPTIMIZATION_LEVEL = "-Onone";
			};
			name = Debug;
		};
		E43700BB2175588C00BEA5C1 /* Release */ = {
			isa = XCBuildConfiguration;
			buildSettings = {
				ALWAYS_SEARCH_USER_PATHS = NO;
				CLANG_ANALYZER_NONNULL = YES;
				CLANG_ANALYZER_NUMBER_OBJECT_CONVERSION = YES_AGGRESSIVE;
				CLANG_CXX_LANGUAGE_STANDARD = "gnu++14";
				CLANG_CXX_LIBRARY = "libc++";
				CLANG_ENABLE_MODULES = YES;
				CLANG_ENABLE_OBJC_ARC = YES;
				CLANG_ENABLE_OBJC_WEAK = YES;
				CLANG_WARN_BLOCK_CAPTURE_AUTORELEASING = YES;
				CLANG_WARN_BOOL_CONVERSION = YES;
				CLANG_WARN_COMMA = YES;
				CLANG_WARN_CONSTANT_CONVERSION = YES;
				CLANG_WARN_DEPRECATED_OBJC_IMPLEMENTATIONS = YES;
				CLANG_WARN_DIRECT_OBJC_ISA_USAGE = YES_ERROR;
				CLANG_WARN_DOCUMENTATION_COMMENTS = YES;
				CLANG_WARN_EMPTY_BODY = YES;
				CLANG_WARN_ENUM_CONVERSION = YES;
				CLANG_WARN_INFINITE_RECURSION = YES;
				CLANG_WARN_INT_CONVERSION = YES;
				CLANG_WARN_NON_LITERAL_NULL_CONVERSION = YES;
				CLANG_WARN_OBJC_IMPLICIT_RETAIN_SELF = YES;
				CLANG_WARN_OBJC_LITERAL_CONVERSION = YES;
				CLANG_WARN_OBJC_ROOT_CLASS = YES_ERROR;
				CLANG_WARN_RANGE_LOOP_ANALYSIS = YES;
				CLANG_WARN_STRICT_PROTOTYPES = YES;
				CLANG_WARN_SUSPICIOUS_MOVE = YES;
				CLANG_WARN_UNGUARDED_AVAILABILITY = YES_AGGRESSIVE;
				CLANG_WARN_UNREACHABLE_CODE = YES;
				CLANG_WARN__DUPLICATE_METHOD_MATCH = YES;
				CODE_SIGN_IDENTITY = "iPhone Developer";
				COPY_PHASE_STRIP = NO;
				DEBUG_INFORMATION_FORMAT = "dwarf-with-dsym";
				ENABLE_NS_ASSERTIONS = NO;
				ENABLE_STRICT_OBJC_MSGSEND = YES;
				GCC_C_LANGUAGE_STANDARD = gnu11;
				GCC_NO_COMMON_BLOCKS = YES;
				GCC_WARN_64_TO_32_BIT_CONVERSION = YES;
				GCC_WARN_ABOUT_RETURN_TYPE = YES_ERROR;
				GCC_WARN_UNDECLARED_SELECTOR = YES;
				GCC_WARN_UNINITIALIZED_AUTOS = YES_AGGRESSIVE;
				GCC_WARN_UNUSED_FUNCTION = YES;
				GCC_WARN_UNUSED_VARIABLE = YES;
				IPHONEOS_DEPLOYMENT_TARGET = 12.0;
				MTL_ENABLE_DEBUG_INFO = NO;
				MTL_FAST_MATH = YES;
				SDKROOT = iphoneos;
				SWIFT_COMPILATION_MODE = wholemodule;
				SWIFT_OPTIMIZATION_LEVEL = "-O";
				VALIDATE_PRODUCT = YES;
			};
			name = Release;
		};
		E43700BD2175588C00BEA5C1 /* Debug */ = {
			isa = XCBuildConfiguration;
			baseConfigurationReference = 00428306ACBA7EE0C3DEEA14 /* Pods-MeetupMovile.debug.xcconfig */;
			buildSettings = {
				ASSETCATALOG_COMPILER_APPICON_NAME = AppIcon;
				CODE_SIGN_STYLE = Automatic;
				INFOPLIST_FILE = MeetupMovile/Info.plist;
				LD_RUNPATH_SEARCH_PATHS = (
					"$(inherited)",
					"@executable_path/Frameworks",
				);
				PRODUCT_BUNDLE_IDENTIFIER = com.yasminbenatti.MeetupMovile;
				PRODUCT_NAME = "$(TARGET_NAME)";
				SWIFT_VERSION = 4.2;
				TARGETED_DEVICE_FAMILY = "1,2";
			};
			name = Debug;
		};
		E43700BE2175588C00BEA5C1 /* Release */ = {
			isa = XCBuildConfiguration;
			baseConfigurationReference = C1320A2667E2EEE00245A52D /* Pods-MeetupMovile.release.xcconfig */;
			buildSettings = {
				ASSETCATALOG_COMPILER_APPICON_NAME = AppIcon;
				CODE_SIGN_STYLE = Automatic;
				INFOPLIST_FILE = MeetupMovile/Info.plist;
				LD_RUNPATH_SEARCH_PATHS = (
					"$(inherited)",
					"@executable_path/Frameworks",
				);
				PRODUCT_BUNDLE_IDENTIFIER = com.yasminbenatti.MeetupMovile;
				PRODUCT_NAME = "$(TARGET_NAME)";
				SWIFT_VERSION = 4.2;
				TARGETED_DEVICE_FAMILY = "1,2";
			};
			name = Release;
		};
		E43700C02175588C00BEA5C1 /* Debug */ = {
			isa = XCBuildConfiguration;
			baseConfigurationReference = C7566CAF49F5FA6AD1CAE0BE /* Pods-MeetupMovileTests.debug.xcconfig */;
			buildSettings = {
				ALWAYS_EMBED_SWIFT_STANDARD_LIBRARIES = YES;
				BUNDLE_LOADER = "$(TEST_HOST)";
				CODE_SIGN_STYLE = Automatic;
				INFOPLIST_FILE = MeetupMovileTests/Info.plist;
				LD_RUNPATH_SEARCH_PATHS = (
					"$(inherited)",
					"@executable_path/Frameworks",
					"@loader_path/Frameworks",
				);
				PRODUCT_BUNDLE_IDENTIFIER = com.yasminbenatti.MeetupMovileTests;
				PRODUCT_NAME = "$(TARGET_NAME)";
				SWIFT_VERSION = 4.2;
				TARGETED_DEVICE_FAMILY = "1,2";
				TEST_HOST = "$(BUILT_PRODUCTS_DIR)/MeetupMovile.app/MeetupMovile";
			};
			name = Debug;
		};
		E43700C12175588C00BEA5C1 /* Release */ = {
			isa = XCBuildConfiguration;
			baseConfigurationReference = 87B3D1CC6D775EB96D752CF8 /* Pods-MeetupMovileTests.release.xcconfig */;
			buildSettings = {
				ALWAYS_EMBED_SWIFT_STANDARD_LIBRARIES = YES;
				BUNDLE_LOADER = "$(TEST_HOST)";
				CODE_SIGN_STYLE = Automatic;
				INFOPLIST_FILE = MeetupMovileTests/Info.plist;
				LD_RUNPATH_SEARCH_PATHS = (
					"$(inherited)",
					"@executable_path/Frameworks",
					"@loader_path/Frameworks",
				);
				PRODUCT_BUNDLE_IDENTIFIER = com.yasminbenatti.MeetupMovileTests;
				PRODUCT_NAME = "$(TARGET_NAME)";
				SWIFT_VERSION = 4.2;
				TARGETED_DEVICE_FAMILY = "1,2";
				TEST_HOST = "$(BUILT_PRODUCTS_DIR)/MeetupMovile.app/MeetupMovile";
			};
			name = Release;
		};
/* End XCBuildConfiguration section */

/* Begin XCConfigurationList section */
		E437009A2175588B00BEA5C1 /* Build configuration list for PBXProject "MeetupMovile" */ = {
			isa = XCConfigurationList;
			buildConfigurations = (
				E43700BA2175588C00BEA5C1 /* Debug */,
				E43700BB2175588C00BEA5C1 /* Release */,
			);
			defaultConfigurationIsVisible = 0;
			defaultConfigurationName = Release;
		};
		E43700BC2175588C00BEA5C1 /* Build configuration list for PBXNativeTarget "MeetupMovile" */ = {
			isa = XCConfigurationList;
			buildConfigurations = (
				E43700BD2175588C00BEA5C1 /* Debug */,
				E43700BE2175588C00BEA5C1 /* Release */,
			);
			defaultConfigurationIsVisible = 0;
			defaultConfigurationName = Release;
		};
		E43700BF2175588C00BEA5C1 /* Build configuration list for PBXNativeTarget "MeetupMovileTests" */ = {
			isa = XCConfigurationList;
			buildConfigurations = (
				E43700C02175588C00BEA5C1 /* Debug */,
				E43700C12175588C00BEA5C1 /* Release */,
			);
			defaultConfigurationIsVisible = 0;
			defaultConfigurationName = Release;
		};
/* End XCConfigurationList section */
	};
	rootObject = E43700972175588B00BEA5C1 /* Project object */;
}
